
Microsoft Visual Studio Solution File, Format Version 12.00
# Visual Studio Version 17
VisualStudioVersion = 17.11.35312.102
MinimumVisualStudioVersion = 10.0.40219.1
Project("{8BC9CEB8-8B4A-11D0-8D11-00A0C91BC942}") = "Ex-24", "Ex-24.vcxproj", "{93BB4DD2-46C7-40EE-B090-A1CF495C25F1}"
EndProject
Global
	GlobalSection(SolutionConfigurationPlatforms) = preSolution
		Debug|x64 = Debug|x64
		Debug|x86 = Debug|x86
		Release|x64 = Release|x64
		Release|x86 = Release|x86
	EndGlobalSection
	GlobalSection(ProjectConfigurationPlatforms) = postSolution
		{93BB4DD2-46C7-40EE-B090-A1CF495C25F1}.Debug|x64.ActiveCfg = Debug|x64
		{93BB4DD2-46C7-40EE-B090-A1CF495C25F1}.Debug|x64.Build.0 = Debug|x64
		{93BB4DD2-46C7-40EE-B090-A1CF495C25F1}.Debug|x86.ActiveCfg = Debug|Win32
		{93BB4DD2-46C7-40EE-B090-A1CF495C25F1}.Debug|x86.Build.0 = Debug|Win32
		{93BB4DD2-46C7-40EE-B090-A1CF495C25F1}.Release|x64.ActiveCfg = Release|x64
		{93BB4DD2-46C7-40EE-B090-A1CF495C25F1}.Release|x64.Build.0 = Release|x64
		{93BB4DD2-46C7-40EE-B090-A1CF495C25F1}.Release|x86.ActiveCfg = Release|Win32
		{93BB4DD2-46C7-40EE-B090-A1CF495C25F1}.Release|x86.Build.0 = Release|Win32
	EndGlobalSection
	GlobalSection(SolutionProperties) = preSolution
		HideSolutionNode = FALSE
	EndGlobalSection
	GlobalSection(ExtensibilityGlobals) = postSolution
		SolutionGuid = {34153F78-B9AC-4DD7-9DC0-C1B6325E61F2}
	EndGlobalSection
EndGlobal
