
Microsoft Visual Studio Solution File, Format Version 12.00
# Visual Studio Version 17
VisualStudioVersion = 17.11.35312.102
MinimumVisualStudioVersion = 10.0.40219.1
Project("{8BC9CEB8-8B4A-11D0-8D11-00A0C91BC942}") = "Ex-18", "Ex-18.vcxproj", "{5D5CE8BE-0F7E-40AC-BF96-A71FA17D6877}"
EndProject
Global
	GlobalSection(SolutionConfigurationPlatforms) = preSolution
		Debug|x64 = Debug|x64
		Debug|x86 = Debug|x86
		Release|x64 = Release|x64
		Release|x86 = Release|x86
	EndGlobalSection
	GlobalSection(ProjectConfigurationPlatforms) = postSolution
		{5D5CE8BE-0F7E-40AC-BF96-A71FA17D6877}.Debug|x64.ActiveCfg = Debug|x64
		{5D5CE8BE-0F7E-40AC-BF96-A71FA17D6877}.Debug|x64.Build.0 = Debug|x64
		{5D5CE8BE-0F7E-40AC-BF96-A71FA17D6877}.Debug|x86.ActiveCfg = Debug|Win32
		{5D5CE8BE-0F7E-40AC-BF96-A71FA17D6877}.Debug|x86.Build.0 = Debug|Win32
		{5D5CE8BE-0F7E-40AC-BF96-A71FA17D6877}.Release|x64.ActiveCfg = Release|x64
		{5D5CE8BE-0F7E-40AC-BF96-A71FA17D6877}.Release|x64.Build.0 = Release|x64
		{5D5CE8BE-0F7E-40AC-BF96-A71FA17D6877}.Release|x86.ActiveCfg = Release|Win32
		{5D5CE8BE-0F7E-40AC-BF96-A71FA17D6877}.Release|x86.Build.0 = Release|Win32
	EndGlobalSection
	GlobalSection(SolutionProperties) = preSolution
		HideSolutionNode = FALSE
	EndGlobalSection
	GlobalSection(ExtensibilityGlobals) = postSolution
		SolutionGuid = {B4EE5B43-39F7-4DAC-A15D-8AB68156824A}
	EndGlobalSection
EndGlobal
